{
  "version": 4,
  "terraform_version": "1.2.4",
  "serial": 9,
  "lineage": "6dce8c10-e34b-b471-08b6-1f83a75458af",
  "outputs": {
    "terrabucket-versioning": {
      "value": [
        {
          "enabled": true,
          "mfa_delete": false
        }
      ],
      "type": [
        "list",
        [
          "object",
          {
            "enabled": "bool",
            "mfa_delete": "bool"
          }
        ]
      ]
    },
    "terraiam-all_details": {
      "value": {
        "arn": "arn:aws:iam::512735776675:user/terra_iam_user-sarkartanmay393-1",
        "force_destroy": false,
        "id": "terra_iam_user-sarkartanmay393-1",
        "name": "terra_iam_user-sarkartanmay393",
        "path": "/",
        "permissions_boundary": null,
        "tags": {},
        "tags_all": {},
        "unique_id": "AIDAXOYLPB6R7EIMISPXV"
      },
      "type": [
        "object",
        {
          "arn": "string",
          "force_destroy": "bool",
          "id": "string",
          "name": "string",
          "path": "string",
          "permissions_boundary": "string",
          "tags": [
            "map",
            "string"
          ],
          "tags_all": [
            "map",
            "string"
          ],
          "unique_id": "string"
        }
      ]
    }
  },
  "resources": [
    {
      "mode": "managed",
      "type": "aws_iam_user",
      "name": "terraiam",
      "provider": "provider[\"registry.terraform.io/hashicorp/aws\"]",
      "instances": [
        {
          "schema_version": 0,
          "attributes": {
            "arn": "arn:aws:iam::512735776675:user/terra_iam_user-sarkartanmay393",
            "force_destroy": false,
            "id": "terra_iam_user-sarkartanmay393",
            "name": "terra_iam_user-sarkartanmay393",
            "path": "/",
            "permissions_boundary": null,
            "tags": {},
            "tags_all": {},
            "unique_id": "AIDAXOYLPB6R7EIMISPXV"
          },
          "sensitive_attributes": [],
          "private": "bnVsbA=="
        }
      ]
    },
    {
      "mode": "managed",
      "type": "aws_s3_bucket",
      "name": "terrabucket",
      "provider": "provider[\"registry.terraform.io/hashicorp/aws\"]",
      "instances": [
        {
          "schema_version": 0,
          "attributes": {
            "acceleration_status": "",
            "acl": null,
            "arn": "arn:aws:s3:::terrabucket-sarkartanmay393",
            "bucket": "terrabucket-sarkartanmay393",
            "bucket_domain_name": "terrabucket-sarkartanmay393.s3.amazonaws.com",
            "bucket_prefix": null,
            "bucket_regional_domain_name": "terrabucket-sarkartanmay393.s3.amazonaws.com",
            "cors_rule": [],
            "force_destroy": false,
            "grant": [
              {
                "id": "41c0dac37c5220ceed28f156661939c85694d3cf9d984bb898f06baec88a6bc5",
                "permissions": [
                  "FULL_CONTROL"
                ],
                "type": "CanonicalUser",
                "uri": ""
              }
            ],
            "hosted_zone_id": "Z3AQBSTGFYJSTF",
            "id": "terrabucket-sarkartanmay393",
            "lifecycle_rule": [],
            "logging": [],
            "object_lock_configuration": [],
            "object_lock_enabled": false,
            "policy": "",
            "region": "us-east-1",
            "replication_configuration": [],
            "request_payer": "BucketOwner",
            "server_side_encryption_configuration": [],
            "tags": {},
            "tags_all": {},
            "versioning": [
              {
                "enabled": true,
                "mfa_delete": false
              }
            ],
            "website": [],
            "website_domain": null,
            "website_endpoint": null
          },
          "sensitive_attributes": [],
          "private": "bnVsbA=="
        }
      ]
    }
  ]
}
