{
  "version": 4,
  "terraform_version": "1.2.4",
  "serial": 46,
  "lineage": "4477e84c-0773-06f2-7f33-dba7d83f851a",
  "outputs": {
    "terra-iam-details": {
      "value": {
        "Bramha": {
          "arn": "arn:aws:iam::512735776675:user/terra-iam-sarkartanmay393-ep3",
          "force_destroy": false,
          "id": "terra-iam-sarkartanmay393-ep3",
          "name": "terra-iam-sarkartanmay393-ep3",
          "path": "/",
          "permissions_boundary": null,
          "tags": {
            "mentor": "Bramha"
          },
          "tags_all": {
            "mentor": "Bramha"
          },
          "unique_id": "AIDAXOYLPB6R4BVS2XCJ5"
        },
        "Ram": {
          "arn": "arn:aws:iam::512735776675:user/terra-iam-sarkartanmay393-ep1",
          "force_destroy": false,
          "id": "terra-iam-sarkartanmay393-ep1",
          "name": "terra-iam-sarkartanmay393-ep1",
          "path": "/",
          "permissions_boundary": null,
          "tags": {
            "mentor": "Ram"
          },
          "tags_all": {
            "mentor": "Ram"
          },
          "unique_id": "AIDAXOYLPB6R6QX6IEU3R"
        },
        "Shiva": {
          "arn": "arn:aws:iam::512735776675:user/terra-iam-sarkartanmay393-ep2",
          "force_destroy": false,
          "id": "terra-iam-sarkartanmay393-ep2",
          "name": "terra-iam-sarkartanmay393-ep2",
          "path": "/",
          "permissions_boundary": null,
          "tags": {
            "mentor": "Shiva"
          },
          "tags_all": {
            "mentor": "Shiva"
          },
          "unique_id": "AIDAXOYLPB6R7KUTNR6XN"
        }
      },
      "type": [
        "object",
        {
          "Bramha": [
            "object",
            {
              "arn": "string",
              "force_destroy": "bool",
              "id": "string",
              "name": "string",
              "path": "string",
              "permissions_boundary": "string",
              "tags": [
                "map",
                "string"
              ],
              "tags_all": [
                "map",
                "string"
              ],
              "unique_id": "string"
            }
          ],
          "Ram": [
            "object",
            {
              "arn": "string",
              "force_destroy": "bool",
              "id": "string",
              "name": "string",
              "path": "string",
              "permissions_boundary": "string",
              "tags": [
                "map",
                "string"
              ],
              "tags_all": [
                "map",
                "string"
              ],
              "unique_id": "string"
            }
          ],
          "Shiva": [
            "object",
            {
              "arn": "string",
              "force_destroy": "bool",
              "id": "string",
              "name": "string",
              "path": "string",
              "permissions_boundary": "string",
              "tags": [
                "map",
                "string"
              ],
              "tags_all": [
                "map",
                "string"
              ],
              "unique_id": "string"
            }
          ]
        }
      ]
    }
  },
  "resources": [
    {
      "mode": "managed",
      "type": "aws_iam_user",
      "name": "iam_users",
      "provider": "provider[\"registry.terraform.io/hashicorp/aws\"]",
      "instances": [
        {
          "index_key": "Bramha",
          "schema_version": 0,
          "attributes": {
            "arn": "arn:aws:iam::512735776675:user/terra-iam-sarkartanmay393-ep3",
            "force_destroy": false,
            "id": "terra-iam-sarkartanmay393-ep3",
            "name": "terra-iam-sarkartanmay393-ep3",
            "path": "/",
            "permissions_boundary": null,
            "tags": {
              "mentor": "Bramha"
            },
            "tags_all": {
              "mentor": "Bramha"
            },
            "unique_id": "AIDAXOYLPB6R4BVS2XCJ5"
          },
          "sensitive_attributes": [],
          "private": "bnVsbA=="
        },
        {
          "index_key": "Ram",
          "schema_version": 0,
          "attributes": {
            "arn": "arn:aws:iam::512735776675:user/terra-iam-sarkartanmay393-ep1",
            "force_destroy": false,
            "id": "terra-iam-sarkartanmay393-ep1",
            "name": "terra-iam-sarkartanmay393-ep1",
            "path": "/",
            "permissions_boundary": null,
            "tags": {
              "mentor": "Ram"
            },
            "tags_all": {
              "mentor": "Ram"
            },
            "unique_id": "AIDAXOYLPB6R6QX6IEU3R"
          },
          "sensitive_attributes": [],
          "private": "bnVsbA=="
        },
        {
          "index_key": "Shiva",
          "schema_version": 0,
          "attributes": {
            "arn": "arn:aws:iam::512735776675:user/terra-iam-sarkartanmay393-ep2",
            "force_destroy": false,
            "id": "terra-iam-sarkartanmay393-ep2",
            "name": "terra-iam-sarkartanmay393-ep2",
            "path": "/",
            "permissions_boundary": null,
            "tags": {
              "mentor": "Shiva"
            },
            "tags_all": {
              "mentor": "Shiva"
            },
            "unique_id": "AIDAXOYLPB6R7KUTNR6XN"
          },
          "sensitive_attributes": [],
          "private": "bnVsbA=="
        }
      ]
    }
  ]
}
